
Microsoft Visual Studio Solution File, Format Version 12.00
# Visual Studio Version 17
VisualStudioVersion = 17.1.31911.260
MinimumVisualStudioVersion = 10.0.40219.1
Project("{FAE04EC0-301F-11D3-BF4B-00C04F79EFBC}") = "EchoBot", "EchoBot.csproj", "{A8258CCA-03AB-46AB-9530-B4A8E455883C}"
EndProject
Global
	GlobalSection(SolutionConfigurationPlatforms) = preSolution
		Debug|Any CPU = Debug|Any CPU
		Release|Any CPU = Release|Any CPU
	EndGlobalSection
	GlobalSection(ProjectConfigurationPlatforms) = postSolution
		{A8258CCA-03AB-46AB-9530-B4A8E455883C}.Debug|Any CPU.ActiveCfg = Debug|Any CPU
		{A8258CCA-03AB-46AB-9530-B4A8E455883C}.Debug|Any CPU.Build.0 = Debug|Any CPU
		{A8258CCA-03AB-46AB-9530-B4A8E455883C}.Release|Any CPU.ActiveCfg = Release|Any CPU
		{A8258CCA-03AB-46AB-9530-B4A8E455883C}.Release|Any CPU.Build.0 = Release|Any CPU
	EndGlobalSection
	GlobalSection(SolutionProperties) = preSolution
		HideSolutionNode = FALSE
	EndGlobalSection
	GlobalSection(ExtensibilityGlobals) = postSolution
		SolutionGuid = {A0748F45-C3D9-4E2C-B4A0-DBA25486B54E}
	EndGlobalSection
EndGlobal
